
Microsoft Visual Studio Solution File, Format Version 11.00
# Visual Basic Express 2010
Project("{F184B08F-C81C-45F6-A57F-5ABD9991F28F}") = "gzs_savunma_geliştirme", "gzs_savunma_geliştirme\gzs_savunma_geliştirme.vbproj", "{90A41A28-E8DA-4798-BF3B-89972F5751F2}"
EndProject
Global
	GlobalSection(SolutionConfigurationPlatforms) = preSolution
		Debug|x86 = Debug|x86
		Release|x86 = Release|x86
	EndGlobalSection
	GlobalSection(ProjectConfigurationPlatforms) = postSolution
		{90A41A28-E8DA-4798-BF3B-89972F5751F2}.Debug|x86.ActiveCfg = Debug|x86
		{90A41A28-E8DA-4798-BF3B-89972F5751F2}.Debug|x86.Build.0 = Debug|x86
		{90A41A28-E8DA-4798-BF3B-89972F5751F2}.Release|x86.ActiveCfg = Release|x86
		{90A41A28-E8DA-4798-BF3B-89972F5751F2}.Release|x86.Build.0 = Release|x86
	EndGlobalSection
	GlobalSection(SolutionProperties) = preSolution
		HideSolutionNode = FALSE
	EndGlobalSection
EndGlobal
